
Microsoft Visual Studio Solution File, Format Version 12.00
# Visual Studio 15
VisualStudioVersion = 15.0.27130.2036
MinimumVisualStudioVersion = 10.0.40219.1
Project("{FAE04EC0-301F-11D3-BF4B-00C04F79EFBC}") = "Airbnb", "Airbnb\Airbnb.csproj", "{38D33337-A691-4A00-BE2C-A9A683CFFE57}"
EndProject
Global
	GlobalSection(SolutionConfigurationPlatforms) = preSolution
		Debug|Any CPU = Debug|Any CPU
		Release|Any CPU = Release|Any CPU
	EndGlobalSection
	GlobalSection(ProjectConfigurationPlatforms) = postSolution
		{38D33337-A691-4A00-BE2C-A9A683CFFE57}.Debug|Any CPU.ActiveCfg = Debug|Any CPU
		{38D33337-A691-4A00-BE2C-A9A683CFFE57}.Debug|Any CPU.Build.0 = Debug|Any CPU
		{38D33337-A691-4A00-BE2C-A9A683CFFE57}.Release|Any CPU.ActiveCfg = Release|Any CPU
		{38D33337-A691-4A00-BE2C-A9A683CFFE57}.Release|Any CPU.Build.0 = Release|Any CPU
	EndGlobalSection
	GlobalSection(SolutionProperties) = preSolution
		HideSolutionNode = FALSE
	EndGlobalSection
	GlobalSection(ExtensibilityGlobals) = postSolution
		SolutionGuid = {69F8CE0C-7440-4115-9B1A-2D2BC7FD1EBF}
	EndGlobalSection
EndGlobal
